
Microsoft Visual Studio Solution File, Format Version 12.00
# Visual Studio 15
VisualStudioVersion = 15.0.28307.329
MinimumVisualStudioVersion = 10.0.40219.1
Project("{FAE04EC0-301F-11D3-BF4B-00C04F79EFBC}") = "HexEn3D", "HexEn3D\HexEn3D.csproj", "{E8C1C1D5-3821-4C99-9257-EB99BF70D98F}"
EndProject
Global
	GlobalSection(SolutionConfigurationPlatforms) = preSolution
		Debug|Any CPU = Debug|Any CPU
		Release|Any CPU = Release|Any CPU
	EndGlobalSection
	GlobalSection(ProjectConfigurationPlatforms) = postSolution
		{E8C1C1D5-3821-4C99-9257-EB99BF70D98F}.Debug|Any CPU.ActiveCfg = Debug|Any CPU
		{E8C1C1D5-3821-4C99-9257-EB99BF70D98F}.Debug|Any CPU.Build.0 = Debug|Any CPU
		{E8C1C1D5-3821-4C99-9257-EB99BF70D98F}.Release|Any CPU.ActiveCfg = Release|Any CPU
		{E8C1C1D5-3821-4C99-9257-EB99BF70D98F}.Release|Any CPU.Build.0 = Release|Any CPU
	EndGlobalSection
	GlobalSection(SolutionProperties) = preSolution
		HideSolutionNode = FALSE
	EndGlobalSection
	GlobalSection(ExtensibilityGlobals) = postSolution
		SolutionGuid = {06379304-2279-4041-B5F2-F7268D31DD25}
	EndGlobalSection
EndGlobal
